// !$*UTF8*$!
{
	archiveVersion = 1;
	classes = {
	};
	objectVersion = 50;
	objects = {

/* Begin PBXBuildFile section */
		989E24CE26C3AFCB002B1871 /* IMDbSwiftUIApp.swift in Sources */ = {isa = PBXBuildFile; fileRef = 989E24CD26C3AFCB002B1871 /* IMDbSwiftUIApp.swift */; };
		989E24D026C3AFCB002B1871 /* ContentView.swift in Sources */ = {isa = PBXBuildFile; fileRef = 989E24CF26C3AFCB002B1871 /* ContentView.swift */; };
		989E24D226C3AFCD002B1871 /* Assets.xcassets in Resources */ = {isa = PBXBuildFile; fileRef = 989E24D126C3AFCD002B1871 /* Assets.xcassets */; };
		989E24D526C3AFCD002B1871 /* Preview Assets.xcassets in Resources */ = {isa = PBXBuildFile; fileRef = 989E24D426C3AFCD002B1871 /* Preview Assets.xcassets */; };
		989E24D726C3AFCD002B1871 /* Persistence.swift in Sources */ = {isa = PBXBuildFile; fileRef = 989E24D626C3AFCD002B1871 /* Persistence.swift */; };
		989E24DA26C3AFCD002B1871 /* IMDbSwiftUI.xcdatamodeld in Sources */ = {isa = PBXBuildFile; fileRef = 989E24D826C3AFCD002B1871 /* IMDbSwiftUI.xcdatamodeld */; };
		989E24E526C3AFCD002B1871 /* IMDbSwiftUITests.swift in Sources */ = {isa = PBXBuildFile; fileRef = 989E24E426C3AFCD002B1871 /* IMDbSwiftUITests.swift */; };
		989E24F026C3AFCD002B1871 /* IMDbSwiftUIUITests.swift in Sources */ = {isa = PBXBuildFile; fileRef = 989E24EF26C3AFCD002B1871 /* IMDbSwiftUIUITests.swift */; };
		989E250126C3F710002B1871 /* spiderman.png in Resources */ = {isa = PBXBuildFile; fileRef = 989E250026C3F70F002B1871 /* spiderman.png */; };
		989E250926C3F78A002B1871 /* Model.swift in Sources */ = {isa = PBXBuildFile; fileRef = 989E250826C3F78A002B1871 /* Model.swift */; };
/* End PBXBuildFile section */

/* Begin PBXContainerItemProxy section */
		989E24E126C3AFCD002B1871 /* PBXContainerItemProxy */ = {
			isa = PBXContainerItemProxy;
			containerPortal = 989E24C226C3AFCB002B1871 /* Project object */;
			proxyType = 1;
			remoteGlobalIDString = 989E24C926C3AFCB002B1871;
			remoteInfo = IMDbSwiftUI;
		};
		989E24EC26C3AFCD002B1871 /* PBXContainerItemProxy */ = {
			isa = PBXContainerItemProxy;
			containerPortal = 989E24C226C3AFCB002B1871 /* Project object */;
			proxyType = 1;
			remoteGlobalIDString = 989E24C926C3AFCB002B1871;
			remoteInfo = IMDbSwiftUI;
		};
/* End PBXContainerItemProxy section */

/* Begin PBXFileReference section */
		989E24CA26C3AFCB002B1871 /* IMDbSwiftUI.app */ = {isa = PBXFileReference; explicitFileType = wrapper.application; includeInIndex = 0; path = IMDbSwiftUI.app; sourceTree = BUILT_PRODUCTS_DIR; };
		989E24CD26C3AFCB002B1871 /* IMDbSwiftUIApp.swift */ = {isa = PBXFileReference; lastKnownFileType = sourcecode.swift; path = IMDbSwiftUIApp.swift; sourceTree = "<group>"; };
		989E24CF26C3AFCB002B1871 /* ContentView.swift */ = {isa = PBXFileReference; lastKnownFileType = sourcecode.swift; path = ContentView.swift; sourceTree = "<group>"; };
		989E24D126C3AFCD002B1871 /* Assets.xcassets */ = {isa = PBXFileReference; lastKnownFileType = folder.assetcatalog; path = Assets.xcassets; sourceTree = "<group>"; };
		989E24D426C3AFCD002B1871 /* Preview Assets.xcassets */ = {isa = PBXFileReference; lastKnownFileType = folder.assetcatalog; path = "Preview Assets.xcassets"; sourceTree = "<group>"; };
		989E24D626C3AFCD002B1871 /* Persistence.swift */ = {isa = PBXFileReference; lastKnownFileType = sourcecode.swift; path = Persistence.swift; sourceTree = "<group>"; };
		989E24D926C3AFCD002B1871 /* IMDbSwiftUI.xcdatamodel */ = {isa = PBXFileReference; lastKnownFileType = wrapper.xcdatamodel; path = IMDbSwiftUI.xcdatamodel; sourceTree = "<group>"; };
		989E24DB26C3AFCD002B1871 /* Info.plist */ = {isa = PBXFileReference; lastKnownFileType = text.plist.xml; path = Info.plist; sourceTree = "<group>"; };
		989E24E026C3AFCD002B1871 /* IMDbSwiftUITests.xctest */ = {isa = PBXFileReference; explicitFileType = wrapper.cfbundle; includeInIndex = 0; path = IMDbSwiftUITests.xctest; sourceTree = BUILT_PRODUCTS_DIR; };
		989E24E426C3AFCD002B1871 /* IMDbSwiftUITests.swift */ = {isa = PBXFileReference; lastKnownFileType = sourcecode.swift; path = IMDbSwiftUITests.swift; sourceTree = "<group>"; };
		989E24E626C3AFCD002B1871 /* Info.plist */ = {isa = PBXFileReference; lastKnownFileType = text.plist.xml; path = Info.plist; sourceTree = "<group>"; };
		989E24EB26C3AFCD002B1871 /* IMDbSwiftUIUITests.xctest */ = {isa = PBXFileReference; explicitFileType = wrapper.cfbundle; includeInIndex = 0; path = IMDbSwiftUIUITests.xctest; sourceTree = BUILT_PRODUCTS_DIR; };
		989E24EF26C3AFCD002B1871 /* IMDbSwiftUIUITests.swift */ = {isa = PBXFileReference; lastKnownFileType = sourcecode.swift; path = IMDbSwiftUIUITests.swift; sourceTree = "<group>"; };
		989E24F126C3AFCD002B1871 /* Info.plist */ = {isa = PBXFileReference; lastKnownFileType = text.plist.xml; path = Info.plist; sourceTree = "<group>"; };
		989E250026C3F70F002B1871 /* spiderman.png */ = {isa = PBXFileReference; lastKnownFileType = image.png; path = spiderman.png; sourceTree = "<group>"; };
		989E250826C3F78A002B1871 /* Model.swift */ = {isa = PBXFileReference; lastKnownFileType = sourcecode.swift; path = Model.swift; sourceTree = "<group>"; };
/* End PBXFileReference section */

/* Begin PBXFrameworksBuildPhase section */
		989E24C726C3AFCB002B1871 /* Frameworks */ = {
			isa = PBXFrameworksBuildPhase;
			buildActionMask = 2147483647;
			files = (
			);
			runOnlyForDeploymentPostprocessing = 0;
		};
		989E24DD26C3AFCD002B1871 /* Frameworks */ = {
			isa = PBXFrameworksBuildPhase;
			buildActionMask = 2147483647;
			files = (
			);
			runOnlyForDeploymentPostprocessing = 0;
		};
		989E24E826C3AFCD002B1871 /* Frameworks */ = {
			isa = PBXFrameworksBuildPhase;
			buildActionMask = 2147483647;
			files = (
			);
			runOnlyForDeploymentPostprocessing = 0;
		};
/* End PBXFrameworksBuildPhase section */

/* Begin PBXGroup section */
		989E24C126C3AFCB002B1871 = {
			isa = PBXGroup;
			children = (
				989E24CC26C3AFCB002B1871 /* IMDbSwiftUI */,
				989E24E326C3AFCD002B1871 /* IMDbSwiftUITests */,
				989E24EE26C3AFCD002B1871 /* IMDbSwiftUIUITests */,
				989E24CB26C3AFCB002B1871 /* Products */,
			);
			sourceTree = "<group>";
		};
		989E24CB26C3AFCB002B1871 /* Products */ = {
			isa = PBXGroup;
			children = (
				989E24CA26C3AFCB002B1871 /* IMDbSwiftUI.app */,
				989E24E026C3AFCD002B1871 /* IMDbSwiftUITests.xctest */,
				989E24EB26C3AFCD002B1871 /* IMDbSwiftUIUITests.xctest */,
			);
			name = Products;
			sourceTree = "<group>";
		};
		989E24CC26C3AFCB002B1871 /* IMDbSwiftUI */ = {
			isa = PBXGroup;
			children = (
				989E24CD26C3AFCB002B1871 /* IMDbSwiftUIApp.swift */,
				989E24CF26C3AFCB002B1871 /* ContentView.swift */,
				989E250826C3F78A002B1871 /* Model.swift */,
				989E24D126C3AFCD002B1871 /* Assets.xcassets */,
				989E250026C3F70F002B1871 /* spiderman.png */,
				989E24D626C3AFCD002B1871 /* Persistence.swift */,
				989E24DB26C3AFCD002B1871 /* Info.plist */,
				989E24D826C3AFCD002B1871 /* IMDbSwiftUI.xcdatamodeld */,
				989E24D326C3AFCD002B1871 /* Preview Content */,
			);
			path = IMDbSwiftUI;
			sourceTree = "<group>";
		};
		989E24D326C3AFCD002B1871 /* Preview Content */ = {
			isa = PBXGroup;
			children = (
				989E24D426C3AFCD002B1871 /* Preview Assets.xcassets */,
			);
			path = "Preview Content";
			sourceTree = "<group>";
		};
		989E24E326C3AFCD002B1871 /* IMDbSwiftUITests */ = {
			isa = PBXGroup;
			children = (
				989E24E426C3AFCD002B1871 /* IMDbSwiftUITests.swift */,
				989E24E626C3AFCD002B1871 /* Info.plist */,
			);
			path = IMDbSwiftUITests;
			sourceTree = "<group>";
		};
		989E24EE26C3AFCD002B1871 /* IMDbSwiftUIUITests */ = {
			isa = PBXGroup;
			children = (
				989E24EF26C3AFCD002B1871 /* IMDbSwiftUIUITests.swift */,
				989E24F126C3AFCD002B1871 /* Info.plist */,
			);
			path = IMDbSwiftUIUITests;
			sourceTree = "<group>";
		};
/* End PBXGroup section */

/* Begin PBXNativeTarget section */
		989E24C926C3AFCB002B1871 /* IMDbSwiftUI */ = {
			isa = PBXNativeTarget;
			buildConfigurationList = 989E24F426C3AFCD002B1871 /* Build configuration list for PBXNativeTarget "IMDbSwiftUI" */;
			buildPhases = (
				989E24C626C3AFCB002B1871 /* Sources */,
				989E24C726C3AFCB002B1871 /* Frameworks */,
				989E24C826C3AFCB002B1871 /* Resources */,
			);
			buildRules = (
			);
			dependencies = (
			);
			name = IMDbSwiftUI;
			productName = IMDbSwiftUI;
			productReference = 989E24CA26C3AFCB002B1871 /* IMDbSwiftUI.app */;
			productType = "com.apple.product-type.application";
		};
		989E24DF26C3AFCD002B1871 /* IMDbSwiftUITests */ = {
			isa = PBXNativeTarget;
			buildConfigurationList = 989E24F726C3AFCD002B1871 /* Build configuration list for PBXNativeTarget "IMDbSwiftUITests" */;
			buildPhases = (
				989E24DC26C3AFCD002B1871 /* Sources */,
				989E24DD26C3AFCD002B1871 /* Frameworks */,
				989E24DE26C3AFCD002B1871 /* Resources */,
			);
			buildRules = (
			);
			dependencies = (
				989E24E226C3AFCD002B1871 /* PBXTargetDependency */,
			);
			name = IMDbSwiftUITests;
			productName = IMDbSwiftUITests;
			productReference = 989E24E026C3AFCD002B1871 /* IMDbSwiftUITests.xctest */;
			productType = "com.apple.product-type.bundle.unit-test";
		};
		989E24EA26C3AFCD002B1871 /* IMDbSwiftUIUITests */ = {
			isa = PBXNativeTarget;
			buildConfigurationList = 989E24FA26C3AFCD002B1871 /* Build configuration list for PBXNativeTarget "IMDbSwiftUIUITests" */;
			buildPhases = (
				989E24E726C3AFCD002B1871 /* Sources */,
				989E24E826C3AFCD002B1871 /* Frameworks */,
				989E24E926C3AFCD002B1871 /* Resources */,
			);
			buildRules = (
			);
			dependencies = (
				989E24ED26C3AFCD002B1871 /* PBXTargetDependency */,
			);
			name = IMDbSwiftUIUITests;
			productName = IMDbSwiftUIUITests;
			productReference = 989E24EB26C3AFCD002B1871 /* IMDbSwiftUIUITests.xctest */;
			productType = "com.apple.product-type.bundle.ui-testing";
		};
/* End PBXNativeTarget section */

/* Begin PBXProject section */
		989E24C226C3AFCB002B1871 /* Project object */ = {
			isa = PBXProject;
			attributes = {
				LastSwiftUpdateCheck = 1200;
				LastUpgradeCheck = 1200;
				TargetAttributes = {
					989E24C926C3AFCB002B1871 = {
						CreatedOnToolsVersion = 12.0.1;
					};
					989E24DF26C3AFCD002B1871 = {
						CreatedOnToolsVersion = 12.0.1;
						TestTargetID = 989E24C926C3AFCB002B1871;
					};
					989E24EA26C3AFCD002B1871 = {
						CreatedOnToolsVersion = 12.0.1;
						TestTargetID = 989E24C926C3AFCB002B1871;
					};
				};
			};
			buildConfigurationList = 989E24C526C3AFCB002B1871 /* Build configuration list for PBXProject "IMDbSwiftUI" */;
			compatibilityVersion = "Xcode 9.3";
			developmentRegion = en;
			hasScannedForEncodings = 0;
			knownRegions = (
				en,
				Base,
			);
			mainGroup = 989E24C126C3AFCB002B1871;
			productRefGroup = 989E24CB26C3AFCB002B1871 /* Products */;
			projectDirPath = "";
			projectRoot = "";
			targets = (
				989E24C926C3AFCB002B1871 /* IMDbSwiftUI */,
				989E24DF26C3AFCD002B1871 /* IMDbSwiftUITests */,
				989E24EA26C3AFCD002B1871 /* IMDbSwiftUIUITests */,
			);
		};
/* End PBXProject section */

/* Begin PBXResourcesBuildPhase section */
		989E24C826C3AFCB002B1871 /* Resources */ = {
			isa = PBXResourcesBuildPhase;
			buildActionMask = 2147483647;
			files = (
				989E250126C3F710002B1871 /* spiderman.png in Resources */,
				989E24D526C3AFCD002B1871 /* Preview Assets.xcassets in Resources */,
				989E24D226C3AFCD002B1871 /* Assets.xcassets in Resources */,
			);
			runOnlyForDeploymentPostprocessing = 0;
		};
		989E24DE26C3AFCD002B1871 /* Resources */ = {
			isa = PBXResourcesBuildPhase;
			buildActionMask = 2147483647;
			files = (
			);
			runOnlyForDeploymentPostprocessing = 0;
		};
		989E24E926C3AFCD002B1871 /* Resources */ = {
			isa = PBXResourcesBuildPhase;
			buildActionMask = 2147483647;
			files = (
			);
			runOnlyForDeploymentPostprocessing = 0;
		};
/* End PBXResourcesBuildPhase section */

/* Begin PBXSourcesBuildPhase section */
		989E24C626C3AFCB002B1871 /* Sources */ = {
			isa = PBXSourcesBuildPhase;
			buildActionMask = 2147483647;
			files = (
				989E250926C3F78A002B1871 /* Model.swift in Sources */,
				989E24D726C3AFCD002B1871 /* Persistence.swift in Sources */,
				989E24D026C3AFCB002B1871 /* ContentView.swift in Sources */,
				989E24CE26C3AFCB002B1871 /* IMDbSwiftUIApp.swift in Sources */,
				989E24DA26C3AFCD002B1871 /* IMDbSwiftUI.xcdatamodeld in Sources */,
			);
			runOnlyForDeploymentPostprocessing = 0;
		};
		989E24DC26C3AFCD002B1871 /* Sources */ = {
			isa = PBXSourcesBuildPhase;
			buildActionMask = 2147483647;
			files = (
				989E24E526C3AFCD002B1871 /* IMDbSwiftUITests.swift in Sources */,
			);
			runOnlyForDeploymentPostprocessing = 0;
		};
		989E24E726C3AFCD002B1871 /* Sources */ = {
			isa = PBXSourcesBuildPhase;
			buildActionMask = 2147483647;
			files = (
				989E24F026C3AFCD002B1871 /* IMDbSwiftUIUITests.swift in Sources */,
			);
			runOnlyForDeploymentPostprocessing = 0;
		};
/* End PBXSourcesBuildPhase section */

/* Begin PBXTargetDependency section */
		989E24E226C3AFCD002B1871 /* PBXTargetDependency */ = {
			isa = PBXTargetDependency;
			target = 989E24C926C3AFCB002B1871 /* IMDbSwiftUI */;
			targetProxy = 989E24E126C3AFCD002B1871 /* PBXContainerItemProxy */;
		};
		989E24ED26C3AFCD002B1871 /* PBXTargetDependency */ = {
			isa = PBXTargetDependency;
			target = 989E24C926C3AFCB002B1871 /* IMDbSwiftUI */;
			targetProxy = 989E24EC26C3AFCD002B1871 /* PBXContainerItemProxy */;
		};
/* End PBXTargetDependency section */

/* Begin XCBuildConfiguration section */
		989E24F226C3AFCD002B1871 /* Debug */ = {
			isa = XCBuildConfiguration;
			buildSettings = {
				ALWAYS_SEARCH_USER_PATHS = NO;
				CLANG_ANALYZER_NONNULL = YES;
				CLANG_ANALYZER_NUMBER_OBJECT_CONVERSION = YES_AGGRESSIVE;
				CLANG_CXX_LANGUAGE_STANDARD = "gnu++14";
				CLANG_CXX_LIBRARY = "libc++";
				CLANG_ENABLE_MODULES = YES;
				CLANG_ENABLE_OBJC_ARC = YES;
				CLANG_ENABLE_OBJC_WEAK = YES;
				CLANG_WARN_BLOCK_CAPTURE_AUTORELEASING = YES;
				CLANG_WARN_BOOL_CONVERSION = YES;
				CLANG_WARN_COMMA = YES;
				CLANG_WARN_CONSTANT_CONVERSION = YES;
				CLANG_WARN_DEPRECATED_OBJC_IMPLEMENTATIONS = YES;
				CLANG_WARN_DIRECT_OBJC_ISA_USAGE = YES_ERROR;
				CLANG_WARN_DOCUMENTATION_COMMENTS = YES;
				CLANG_WARN_EMPTY_BODY = YES;
				CLANG_WARN_ENUM_CONVERSION = YES;
				CLANG_WARN_INFINITE_RECURSION = YES;
				CLANG_WARN_INT_CONVERSION = YES;
				CLANG_WARN_NON_LITERAL_NULL_CONVERSION = YES;
				CLANG_WARN_OBJC_IMPLICIT_RETAIN_SELF = YES;
				CLANG_WARN_OBJC_LITERAL_CONVERSION = YES;
				CLANG_WARN_OBJC_ROOT_CLASS = YES_ERROR;
				CLANG_WARN_QUOTED_INCLUDE_IN_FRAMEWORK_HEADER = YES;
				CLANG_WARN_RANGE_LOOP_ANALYSIS = YES;
				CLANG_WARN_STRICT_PROTOTYPES = YES;
				CLANG_WARN_SUSPICIOUS_MOVE = YES;
				CLANG_WARN_UNGUARDED_AVAILABILITY = YES_AGGRESSIVE;
				CLANG_WARN_UNREACHABLE_CODE = YES;
				CLANG_WARN__DUPLICATE_METHOD_MATCH = YES;
				COPY_PHASE_STRIP = NO;
				DEBUG_INFORMATION_FORMAT = dwarf;
				ENABLE_STRICT_OBJC_MSGSEND = YES;
				ENABLE_TESTABILITY = YES;
				GCC_C_LANGUAGE_STANDARD = gnu11;
				GCC_DYNAMIC_NO_PIC = NO;
				GCC_NO_COMMON_BLOCKS = YES;
				GCC_OPTIMIZATION_LEVEL = 0;
				GCC_PREPROCESSOR_DEFINITIONS = (
					"DEBUG=1",
					"$(inherited)",
				);
				GCC_WARN_64_TO_32_BIT_CONVERSION = YES;
				GCC_WARN_ABOUT_RETURN_TYPE = YES_ERROR;
				GCC_WARN_UNDECLARED_SELECTOR = YES;
				GCC_WARN_UNINITIALIZED_AUTOS = YES_AGGRESSIVE;
				GCC_WARN_UNUSED_FUNCTION = YES;
				GCC_WARN_UNUSED_VARIABLE = YES;
				IPHONEOS_DEPLOYMENT_TARGET = 14.0;
				MTL_ENABLE_DEBUG_INFO = INCLUDE_SOURCE;
				MTL_FAST_MATH = YES;
				ONLY_ACTIVE_ARCH = YES;
				SDKROOT = iphoneos;
				SWIFT_ACTIVE_COMPILATION_CONDITIONS = DEBUG;
				SWIFT_OPTIMIZATION_LEVEL = "-Onone";
			};
			name = Debug;
		};
		989E24F326C3AFCD002B1871 /* Release */ = {
			isa = XCBuildConfiguration;
			buildSettings = {
				ALWAYS_SEARCH_USER_PATHS = NO;
				CLANG_ANALYZER_NONNULL = YES;
				CLANG_ANALYZER_NUMBER_OBJECT_CONVERSION = YES_AGGRESSIVE;
				CLANG_CXX_LANGUAGE_STANDARD = "gnu++14";
				CLANG_CXX_LIBRARY = "libc++";
				CLANG_ENABLE_MODULES = YES;
				CLANG_ENABLE_OBJC_ARC = YES;
				CLANG_ENABLE_OBJC_WEAK = YES;
				CLANG_WARN_BLOCK_CAPTURE_AUTORELEASING = YES;
				CLANG_WARN_BOOL_CONVERSION = YES;
				CLANG_WARN_COMMA = YES;
				CLANG_WARN_CONSTANT_CONVERSION = YES;
				CLANG_WARN_DEPRECATED_OBJC_IMPLEMENTATIONS = YES;
				CLANG_WARN_DIRECT_OBJC_ISA_USAGE = YES_ERROR;
				CLANG_WARN_DOCUMENTATION_COMMENTS = YES;
				CLANG_WARN_EMPTY_BODY = YES;
				CLANG_WARN_ENUM_CONVERSION = YES;
				CLANG_WARN_INFINITE_RECURSION = YES;
				CLANG_WARN_INT_CONVERSION = YES;
				CLANG_WARN_NON_LITERAL_NULL_CONVERSION = YES;
				CLANG_WARN_OBJC_IMPLICIT_RETAIN_SELF = YES;
				CLANG_WARN_OBJC_LITERAL_CONVERSION = YES;
				CLANG_WARN_OBJC_ROOT_CLASS = YES_ERROR;
				CLANG_WARN_QUOTED_INCLUDE_IN_FRAMEWORK_HEADER = YES;
				CLANG_WARN_RANGE_LOOP_ANALYSIS = YES;
				CLANG_WARN_STRICT_PROTOTYPES = YES;
				CLANG_WARN_SUSPICIOUS_MOVE = YES;
				CLANG_WARN_UNGUARDED_AVAILABILITY = YES_AGGRESSIVE;
				CLANG_WARN_UNREACHABLE_CODE = YES;
				CLANG_WARN__DUPLICATE_METHOD_MATCH = YES;
				COPY_PHASE_STRIP = NO;
				DEBUG_INFORMATION_FORMAT = "dwarf-with-dsym";
				ENABLE_NS_ASSERTIONS = NO;
				ENABLE_STRICT_OBJC_MSGSEND = YES;
				GCC_C_LANGUAGE_STANDARD = gnu11;
				GCC_NO_COMMON_BLOCKS = YES;
				GCC_WARN_64_TO_32_BIT_CONVERSION = YES;
				GCC_WARN_ABOUT_RETURN_TYPE = YES_ERROR;
				GCC_WARN_UNDECLARED_SELECTOR = YES;
				GCC_WARN_UNINITIALIZED_AUTOS = YES_AGGRESSIVE;
				GCC_WARN_UNUSED_FUNCTION = YES;
				GCC_WARN_UNUSED_VARIABLE = YES;
				IPHONEOS_DEPLOYMENT_TARGET = 14.0;
				MTL_ENABLE_DEBUG_INFO = NO;
				MTL_FAST_MATH = YES;
				SDKROOT = iphoneos;
				SWIFT_COMPILATION_MODE = wholemodule;
				SWIFT_OPTIMIZATION_LEVEL = "-O";
				VALIDATE_PRODUCT = YES;
			};
			name = Release;
		};
		989E24F526C3AFCD002B1871 /* Debug */ = {
			isa = XCBuildConfiguration;
			buildSettings = {
				ASSETCATALOG_COMPILER_APPICON_NAME = AppIcon;
				ASSETCATALOG_COMPILER_GLOBAL_ACCENT_COLOR_NAME = AccentColor;
				CODE_SIGN_STYLE = Automatic;
				DEVELOPMENT_ASSET_PATHS = "\"IMDbSwiftUI/Preview Content\"";
				ENABLE_PREVIEWS = YES;
				INFOPLIST_FILE = IMDbSwiftUI/Info.plist;
				IPHONEOS_DEPLOYMENT_TARGET = 14.0;
				LD_RUNPATH_SEARCH_PATHS = (
					"$(inherited)",
					"@executable_path/Frameworks",
				);
				PRODUCT_BUNDLE_IDENTIFIER = com.shebin.IMDbSwiftUI;
				PRODUCT_NAME = "$(TARGET_NAME)";
				SWIFT_VERSION = 5.0;
				TARGETED_DEVICE_FAMILY = "1,2";
			};
			name = Debug;
		};
		989E24F626C3AFCD002B1871 /* Release */ = {
			isa = XCBuildConfiguration;
			buildSettings = {
				ASSETCATALOG_COMPILER_APPICON_NAME = AppIcon;
				ASSETCATALOG_COMPILER_GLOBAL_ACCENT_COLOR_NAME = AccentColor;
				CODE_SIGN_STYLE = Automatic;
				DEVELOPMENT_ASSET_PATHS = "\"IMDbSwiftUI/Preview Content\"";
				ENABLE_PREVIEWS = YES;
				INFOPLIST_FILE = IMDbSwiftUI/Info.plist;
				IPHONEOS_DEPLOYMENT_TARGET = 14.0;
				LD_RUNPATH_SEARCH_PATHS = (
					"$(inherited)",
					"@executable_path/Frameworks",
				);
				PRODUCT_BUNDLE_IDENTIFIER = com.shebin.IMDbSwiftUI;
				PRODUCT_NAME = "$(TARGET_NAME)";
				SWIFT_VERSION = 5.0;
				TARGETED_DEVICE_FAMILY = "1,2";
			};
			name = Release;
		};
		989E24F826C3AFCD002B1871 /* Debug */ = {
			isa = XCBuildConfiguration;
			buildSettings = {
				ALWAYS_EMBED_SWIFT_STANDARD_LIBRARIES = YES;
				BUNDLE_LOADER = "$(TEST_HOST)";
				CODE_SIGN_STYLE = Automatic;
				INFOPLIST_FILE = IMDbSwiftUITests/Info.plist;
				IPHONEOS_DEPLOYMENT_TARGET = 14.0;
				LD_RUNPATH_SEARCH_PATHS = (
					"$(inherited)",
					"@executable_path/Frameworks",
					"@loader_path/Frameworks",
				);
				PRODUCT_BUNDLE_IDENTIFIER = com.shebin.IMDbSwiftUITests;
				PRODUCT_NAME = "$(TARGET_NAME)";
				SWIFT_VERSION = 5.0;
				TARGETED_DEVICE_FAMILY = "1,2";
				TEST_HOST = "$(BUILT_PRODUCTS_DIR)/IMDbSwiftUI.app/IMDbSwiftUI";
			};
			name = Debug;
		};
		989E24F926C3AFCD002B1871 /* Release */ = {
			isa = XCBuildConfiguration;
			buildSettings = {
				ALWAYS_EMBED_SWIFT_STANDARD_LIBRARIES = YES;
				BUNDLE_LOADER = "$(TEST_HOST)";
				CODE_SIGN_STYLE = Automatic;
				INFOPLIST_FILE = IMDbSwiftUITests/Info.plist;
				IPHONEOS_DEPLOYMENT_TARGET = 14.0;
				LD_RUNPATH_SEARCH_PATHS = (
					"$(inherited)",
					"@executable_path/Frameworks",
					"@loader_path/Frameworks",
				);
				PRODUCT_BUNDLE_IDENTIFIER = com.shebin.IMDbSwiftUITests;
				PRODUCT_NAME = "$(TARGET_NAME)";
				SWIFT_VERSION = 5.0;
				TARGETED_DEVICE_FAMILY = "1,2";
				TEST_HOST = "$(BUILT_PRODUCTS_DIR)/IMDbSwiftUI.app/IMDbSwiftUI";
			};
			name = Release;
		};
		989E24FB26C3AFCD002B1871 /* Debug */ = {
			isa = XCBuildConfiguration;
			buildSettings = {
				ALWAYS_EMBED_SWIFT_STANDARD_LIBRARIES = YES;
				CODE_SIGN_STYLE = Automatic;
				INFOPLIST_FILE = IMDbSwiftUIUITests/Info.plist;
				LD_RUNPATH_SEARCH_PATHS = (
					"$(inherited)",
					"@executable_path/Frameworks",
					"@loader_path/Frameworks",
				);
				PRODUCT_BUNDLE_IDENTIFIER = com.shebin.IMDbSwiftUIUITests;
				PRODUCT_NAME = "$(TARGET_NAME)";
				SWIFT_VERSION = 5.0;
				TARGETED_DEVICE_FAMILY = "1,2";
				TEST_TARGET_NAME = IMDbSwiftUI;
			};
			name = Debug;
		};
		989E24FC26C3AFCD002B1871 /* Release */ = {
			isa = XCBuildConfiguration;
			buildSettings = {
				ALWAYS_EMBED_SWIFT_STANDARD_LIBRARIES = YES;
				CODE_SIGN_STYLE = Automatic;
				INFOPLIST_FILE = IMDbSwiftUIUITests/Info.plist;
				LD_RUNPATH_SEARCH_PATHS = (
					"$(inherited)",
					"@executable_path/Frameworks",
					"@loader_path/Frameworks",
				);
				PRODUCT_BUNDLE_IDENTIFIER = com.shebin.IMDbSwiftUIUITests;
				PRODUCT_NAME = "$(TARGET_NAME)";
				SWIFT_VERSION = 5.0;
				TARGETED_DEVICE_FAMILY = "1,2";
				TEST_TARGET_NAME = IMDbSwiftUI;
			};
			name = Release;
		};
/* End XCBuildConfiguration section */

/* Begin XCConfigurationList section */
		989E24C526C3AFCB002B1871 /* Build configuration list for PBXProject "IMDbSwiftUI" */ = {
			isa = XCConfigurationList;
			buildConfigurations = (
				989E24F226C3AFCD002B1871 /* Debug */,
				989E24F326C3AFCD002B1871 /* Release */,
			);
			defaultConfigurationIsVisible = 0;
			defaultConfigurationName = Release;
		};
		989E24F426C3AFCD002B1871 /* Build configuration list for PBXNativeTarget "IMDbSwiftUI" */ = {
			isa = XCConfigurationList;
			buildConfigurations = (
				989E24F526C3AFCD002B1871 /* Debug */,
				989E24F626C3AFCD002B1871 /* Release */,
			);
			defaultConfigurationIsVisible = 0;
			defaultConfigurationName = Release;
		};
		989E24F726C3AFCD002B1871 /* Build configuration list for PBXNativeTarget "IMDbSwiftUITests" */ = {
			isa = XCConfigurationList;
			buildConfigurations = (
				989E24F826C3AFCD002B1871 /* Debug */,
				989E24F926C3AFCD002B1871 /* Release */,
			);
			defaultConfigurationIsVisible = 0;
			defaultConfigurationName = Release;
		};
		989E24FA26C3AFCD002B1871 /* Build configuration list for PBXNativeTarget "IMDbSwiftUIUITests" */ = {
			isa = XCConfigurationList;
			buildConfigurations = (
				989E24FB26C3AFCD002B1871 /* Debug */,
				989E24FC26C3AFCD002B1871 /* Release */,
			);
			defaultConfigurationIsVisible = 0;
			defaultConfigurationName = Release;
		};
/* End XCConfigurationList section */

/* Begin XCVersionGroup section */
		989E24D826C3AFCD002B1871 /* IMDbSwiftUI.xcdatamodeld */ = {
			isa = XCVersionGroup;
			children = (
				989E24D926C3AFCD002B1871 /* IMDbSwiftUI.xcdatamodel */,
			);
			currentVersion = 989E24D926C3AFCD002B1871 /* IMDbSwiftUI.xcdatamodel */;
			path = IMDbSwiftUI.xcdatamodeld;
			sourceTree = "<group>";
			versionGroupType = wrapper.xcdatamodel;
		};
/* End XCVersionGroup section */
	};
	rootObject = 989E24C226C3AFCB002B1871 /* Project object */;
}
